PODS:
  - Alamofire (4.7.1)
  - KeychainSwift (11.0.0)

DEPENDENCIES:
  - Alamofire (~> 4.7)
  - KeychainSwift (~> 11.0)

SPEC REPOS:
  https://github.com/cocoapods/specs.git:
    - Alamofire
    - KeychainSwift

SPEC CHECKSUMS:
  Alamofire: 68d7d521118d49c615a8d2214d87cdf525599d30
  KeychainSwift: bea6bd9f98af7b8d7ca4aa79fe105c00fab532db

PODFILE CHECKSUM: 594635369ac2fc6127742f09b13fb3a754b2a2cd

COCOAPODS: 1.5.3
